
Microsoft Visual Studio Solution File, Format Version 12.00
# Visual Studio 15
Project("{FAE04EC0-301F-11D3-BF4B-00C04F79EFBC}") = "SpecFlowTestExecution", "SpecFlowTestExecution.csproj", "{4E61FFF7-CE3C-4D88-AA74-81A33BD0A97D}"
EndProject
Global
	GlobalSection(SolutionConfigurationPlatforms) = preSolution
		Debug|Any CPU = Debug|Any CPU
		Release|Any CPU = Release|Any CPU
	EndGlobalSection
	GlobalSection(ProjectConfigurationPlatforms) = postSolution
		{4E61FFF7-CE3C-4D88-AA74-81A33BD0A97D}.Debug|Any CPU.ActiveCfg = Debug|Any CPU
		{4E61FFF7-CE3C-4D88-AA74-81A33BD0A97D}.Debug|Any CPU.Build.0 = Debug|Any CPU
		{4E61FFF7-CE3C-4D88-AA74-81A33BD0A97D}.Release|Any CPU.ActiveCfg = Release|Any CPU
		{4E61FFF7-CE3C-4D88-AA74-81A33BD0A97D}.Release|Any CPU.Build.0 = Release|Any CPU
	EndGlobalSection
EndGlobal
